{
  "nodes": {
    "nixpkgs": {
      "locked": {
        "lastModified": 1746141548,
        "narHash": "sha256-IgBWhX7A2oJmZFIrpRuMnw5RAufVnfvOgHWgIdds+hc=",
        "owner": "nixos",
        "repo": "nixpkgs",
        "rev": "f02fddb8acef29a8b32f10a335d44828d7825b78",
        "type": "github"
      },
      "original": {
        "owner": "nixos",
        "ref": "nixos-unstable",
        "repo": "nixpkgs",
        "type": "github"
      }
    },
    "nixpkgs-fork": {
      "locked": {
        "lastModified": 1746343586,
        "narHash": "sha256-MCOYxVmHPUIbkvcekUDTMHZY88fq2WO0TV6wLvTPyv8=",
        "owner": "fqidz",
        "repo": "nixpkgs",
        "rev": "5c32c237e1039e7d0a2f4c03969bb30a53f9a525",
        "type": "github"
      },
      "original": {
        "owner": "fqidz",
        "ref": "dbus",
        "repo": "nixpkgs",
        "type": "github"
      }
    },
    "root": {
      "inputs": {
        "nixpkgs": "nixpkgs",
        "nixpkgs-fork": "nixpkgs-fork"
      }
    }
  },
  "root": "root",
  "version": 7
}
